
Microsoft Visual Studio Solution File, Format Version 12.00
# Visual Studio Version 17
VisualStudioVersion = 17.0.31903.59
MinimumVisualStudioVersion = 10.0.40219.1
Project("{FAE04EC0-301F-11D3-BF4B-00C04F79EFBC}") = "Task 1", "Task 1\Task 1.csproj", "{102D478E-7FD4-41F0-BB8E-E885CE79D3D1}"
EndProject
Project("{FAE04EC0-301F-11D3-BF4B-00C04F79EFBC}") = "Task 2", "Task 2\Task 2.csproj", "{0BEB869F-1B11-44BF-9170-8BE09F3E7F08}"
EndProject
Project("{FAE04EC0-301F-11D3-BF4B-00C04F79EFBC}") = "Task 3", "Task 3\Task 3.csproj", "{064034A1-FF40-408B-B228-2EB8EA4B5B1F}"
EndProject
Project("{FAE04EC0-301F-11D3-BF4B-00C04F79EFBC}") = "Task 4", "Task 4\Task 4.csproj", "{88ACE93E-8853-4BE9-9B7A-A176F2DD4D22}"
EndProject
Project("{FAE04EC0-301F-11D3-BF4B-00C04F79EFBC}") = "Task 5", "Task 5\Task 5.csproj", "{D8A016CF-044B-4163-99E4-275C294BB5AB}"
EndProject
Project("{FAE04EC0-301F-11D3-BF4B-00C04F79EFBC}") = "Task 6", "Task 6\Task 6.csproj", "{D698DE03-5727-46AE-9538-9A833641E5FB}"
EndProject
Global
	GlobalSection(SolutionConfigurationPlatforms) = preSolution
		Debug|Any CPU = Debug|Any CPU
		Debug|x64 = Debug|x64
		Debug|x86 = Debug|x86
		Release|Any CPU = Release|Any CPU
		Release|x64 = Release|x64
		Release|x86 = Release|x86
	EndGlobalSection
	GlobalSection(ProjectConfigurationPlatforms) = postSolution
		{102D478E-7FD4-41F0-BB8E-E885CE79D3D1}.Debug|Any CPU.ActiveCfg = Debug|Any CPU
		{102D478E-7FD4-41F0-BB8E-E885CE79D3D1}.Debug|Any CPU.Build.0 = Debug|Any CPU
		{102D478E-7FD4-41F0-BB8E-E885CE79D3D1}.Debug|x64.ActiveCfg = Debug|Any CPU
		{102D478E-7FD4-41F0-BB8E-E885CE79D3D1}.Debug|x64.Build.0 = Debug|Any CPU
		{102D478E-7FD4-41F0-BB8E-E885CE79D3D1}.Debug|x86.ActiveCfg = Debug|Any CPU
		{102D478E-7FD4-41F0-BB8E-E885CE79D3D1}.Debug|x86.Build.0 = Debug|Any CPU
		{102D478E-7FD4-41F0-BB8E-E885CE79D3D1}.Release|Any CPU.ActiveCfg = Release|Any CPU
		{102D478E-7FD4-41F0-BB8E-E885CE79D3D1}.Release|Any CPU.Build.0 = Release|Any CPU
		{102D478E-7FD4-41F0-BB8E-E885CE79D3D1}.Release|x64.ActiveCfg = Release|Any CPU
		{102D478E-7FD4-41F0-BB8E-E885CE79D3D1}.Release|x64.Build.0 = Release|Any CPU
		{102D478E-7FD4-41F0-BB8E-E885CE79D3D1}.Release|x86.ActiveCfg = Release|Any CPU
		{102D478E-7FD4-41F0-BB8E-E885CE79D3D1}.Release|x86.Build.0 = Release|Any CPU
		{0BEB869F-1B11-44BF-9170-8BE09F3E7F08}.Debug|Any CPU.ActiveCfg = Debug|Any CPU
		{0BEB869F-1B11-44BF-9170-8BE09F3E7F08}.Debug|Any CPU.Build.0 = Debug|Any CPU
		{0BEB869F-1B11-44BF-9170-8BE09F3E7F08}.Debug|x64.ActiveCfg = Debug|Any CPU
		{0BEB869F-1B11-44BF-9170-8BE09F3E7F08}.Debug|x64.Build.0 = Debug|Any CPU
		{0BEB869F-1B11-44BF-9170-8BE09F3E7F08}.Debug|x86.ActiveCfg = Debug|Any CPU
		{0BEB869F-1B11-44BF-9170-8BE09F3E7F08}.Debug|x86.Build.0 = Debug|Any CPU
		{0BEB869F-1B11-44BF-9170-8BE09F3E7F08}.Release|Any CPU.ActiveCfg = Release|Any CPU
		{0BEB869F-1B11-44BF-9170-8BE09F3E7F08}.Release|Any CPU.Build.0 = Release|Any CPU
		{0BEB869F-1B11-44BF-9170-8BE09F3E7F08}.Release|x64.ActiveCfg = Release|Any CPU
		{0BEB869F-1B11-44BF-9170-8BE09F3E7F08}.Release|x64.Build.0 = Release|Any CPU
		{0BEB869F-1B11-44BF-9170-8BE09F3E7F08}.Release|x86.ActiveCfg = Release|Any CPU
		{0BEB869F-1B11-44BF-9170-8BE09F3E7F08}.Release|x86.Build.0 = Release|Any CPU
		{064034A1-FF40-408B-B228-2EB8EA4B5B1F}.Debug|Any CPU.ActiveCfg = Debug|Any CPU
		{064034A1-FF40-408B-B228-2EB8EA4B5B1F}.Debug|Any CPU.Build.0 = Debug|Any CPU
		{064034A1-FF40-408B-B228-2EB8EA4B5B1F}.Debug|x64.ActiveCfg = Debug|Any CPU
		{064034A1-FF40-408B-B228-2EB8EA4B5B1F}.Debug|x64.Build.0 = Debug|Any CPU
		{064034A1-FF40-408B-B228-2EB8EA4B5B1F}.Debug|x86.ActiveCfg = Debug|Any CPU
		{064034A1-FF40-408B-B228-2EB8EA4B5B1F}.Debug|x86.Build.0 = Debug|Any CPU
		{064034A1-FF40-408B-B228-2EB8EA4B5B1F}.Release|Any CPU.ActiveCfg = Release|Any CPU
		{064034A1-FF40-408B-B228-2EB8EA4B5B1F}.Release|Any CPU.Build.0 = Release|Any CPU
		{064034A1-FF40-408B-B228-2EB8EA4B5B1F}.Release|x64.ActiveCfg = Release|Any CPU
		{064034A1-FF40-408B-B228-2EB8EA4B5B1F}.Release|x64.Build.0 = Release|Any CPU
		{064034A1-FF40-408B-B228-2EB8EA4B5B1F}.Release|x86.ActiveCfg = Release|Any CPU
		{064034A1-FF40-408B-B228-2EB8EA4B5B1F}.Release|x86.Build.0 = Release|Any CPU
		{88ACE93E-8853-4BE9-9B7A-A176F2DD4D22}.Debug|Any CPU.ActiveCfg = Debug|Any CPU
		{88ACE93E-8853-4BE9-9B7A-A176F2DD4D22}.Debug|Any CPU.Build.0 = Debug|Any CPU
		{88ACE93E-8853-4BE9-9B7A-A176F2DD4D22}.Debug|x64.ActiveCfg = Debug|Any CPU
		{88ACE93E-8853-4BE9-9B7A-A176F2DD4D22}.Debug|x64.Build.0 = Debug|Any CPU
		{88ACE93E-8853-4BE9-9B7A-A176F2DD4D22}.Debug|x86.ActiveCfg = Debug|Any CPU
		{88ACE93E-8853-4BE9-9B7A-A176F2DD4D22}.Debug|x86.Build.0 = Debug|Any CPU
		{88ACE93E-8853-4BE9-9B7A-A176F2DD4D22}.Release|Any CPU.ActiveCfg = Release|Any CPU
		{88ACE93E-8853-4BE9-9B7A-A176F2DD4D22}.Release|Any CPU.Build.0 = Release|Any CPU
		{88ACE93E-8853-4BE9-9B7A-A176F2DD4D22}.Release|x64.ActiveCfg = Release|Any CPU
		{88ACE93E-8853-4BE9-9B7A-A176F2DD4D22}.Release|x64.Build.0 = Release|Any CPU
		{88ACE93E-8853-4BE9-9B7A-A176F2DD4D22}.Release|x86.ActiveCfg = Release|Any CPU
		{88ACE93E-8853-4BE9-9B7A-A176F2DD4D22}.Release|x86.Build.0 = Release|Any CPU
		{D8A016CF-044B-4163-99E4-275C294BB5AB}.Debug|Any CPU.ActiveCfg = Debug|Any CPU
		{D8A016CF-044B-4163-99E4-275C294BB5AB}.Debug|Any CPU.Build.0 = Debug|Any CPU
		{D8A016CF-044B-4163-99E4-275C294BB5AB}.Debug|x64.ActiveCfg = Debug|Any CPU
		{D8A016CF-044B-4163-99E4-275C294BB5AB}.Debug|x64.Build.0 = Debug|Any CPU
		{D8A016CF-044B-4163-99E4-275C294BB5AB}.Debug|x86.ActiveCfg = Debug|Any CPU
		{D8A016CF-044B-4163-99E4-275C294BB5AB}.Debug|x86.Build.0 = Debug|Any CPU
		{D8A016CF-044B-4163-99E4-275C294BB5AB}.Release|Any CPU.ActiveCfg = Release|Any CPU
		{D8A016CF-044B-4163-99E4-275C294BB5AB}.Release|Any CPU.Build.0 = Release|Any CPU
		{D8A016CF-044B-4163-99E4-275C294BB5AB}.Release|x64.ActiveCfg = Release|Any CPU
		{D8A016CF-044B-4163-99E4-275C294BB5AB}.Release|x64.Build.0 = Release|Any CPU
		{D8A016CF-044B-4163-99E4-275C294BB5AB}.Release|x86.ActiveCfg = Release|Any CPU
		{D8A016CF-044B-4163-99E4-275C294BB5AB}.Release|x86.Build.0 = Release|Any CPU
		{D698DE03-5727-46AE-9538-9A833641E5FB}.Debug|Any CPU.ActiveCfg = Debug|Any CPU
		{D698DE03-5727-46AE-9538-9A833641E5FB}.Debug|Any CPU.Build.0 = Debug|Any CPU
		{D698DE03-5727-46AE-9538-9A833641E5FB}.Debug|x64.ActiveCfg = Debug|Any CPU
		{D698DE03-5727-46AE-9538-9A833641E5FB}.Debug|x64.Build.0 = Debug|Any CPU
		{D698DE03-5727-46AE-9538-9A833641E5FB}.Debug|x86.ActiveCfg = Debug|Any CPU
		{D698DE03-5727-46AE-9538-9A833641E5FB}.Debug|x86.Build.0 = Debug|Any CPU
		{D698DE03-5727-46AE-9538-9A833641E5FB}.Release|Any CPU.ActiveCfg = Release|Any CPU
		{D698DE03-5727-46AE-9538-9A833641E5FB}.Release|Any CPU.Build.0 = Release|Any CPU
		{D698DE03-5727-46AE-9538-9A833641E5FB}.Release|x64.ActiveCfg = Release|Any CPU
		{D698DE03-5727-46AE-9538-9A833641E5FB}.Release|x64.Build.0 = Release|Any CPU
		{D698DE03-5727-46AE-9538-9A833641E5FB}.Release|x86.ActiveCfg = Release|Any CPU
		{D698DE03-5727-46AE-9538-9A833641E5FB}.Release|x86.Build.0 = Release|Any CPU
	EndGlobalSection
	GlobalSection(SolutionProperties) = preSolution
		HideSolutionNode = FALSE
	EndGlobalSection
EndGlobal
