Microsoft Visual Studio Solution File, Format Version 12.00
# Visual Studio Version 17
VisualStudioVersion = 17.5.2.0
MinimumVisualStudioVersion = 10.0.40219.1
Project("{FAE04EC0-301F-11D3-BF4B-00C04F79EFBC}") = "Task 1", "Task 1.csproj", "{7262546D-C3E1-60B2-3126-A7E1052CDAAE}"
EndProject
Global
	GlobalSection(SolutionConfigurationPlatforms) = preSolution
		Debug|Any CPU = Debug|Any CPU
		Release|Any CPU = Release|Any CPU
	EndGlobalSection
	GlobalSection(ProjectConfigurationPlatforms) = postSolution
		{7262546D-C3E1-60B2-3126-A7E1052CDAAE}.Debug|Any CPU.ActiveCfg = Debug|Any CPU
		{7262546D-C3E1-60B2-3126-A7E1052CDAAE}.Debug|Any CPU.Build.0 = Debug|Any CPU
		{7262546D-C3E1-60B2-3126-A7E1052CDAAE}.Release|Any CPU.ActiveCfg = Release|Any CPU
		{7262546D-C3E1-60B2-3126-A7E1052CDAAE}.Release|Any CPU.Build.0 = Release|Any CPU
	EndGlobalSection
	GlobalSection(SolutionProperties) = preSolution
		HideSolutionNode = FALSE
	EndGlobalSection
	GlobalSection(ExtensibilityGlobals) = postSolution
		SolutionGuid = {98EF8D87-4B4C-4460-94A0-BC7C4FB608EB}
	EndGlobalSection
EndGlobal
