Microsoft Visual Studio Solution File, Format Version 12.00
# Visual Studio Version 17
VisualStudioVersion = 17.5.2.0
MinimumVisualStudioVersion = 10.0.40219.1
Project("{FAE04EC0-301F-11D3-BF4B-00C04F79EFBC}") = "Task 4", "Task 4.csproj", "{652859C1-00C2-3D99-EEC9-4D7FFC2A2EFD}"
EndProject
Global
	GlobalSection(SolutionConfigurationPlatforms) = preSolution
		Debug|Any CPU = Debug|Any CPU
		Release|Any CPU = Release|Any CPU
	EndGlobalSection
	GlobalSection(ProjectConfigurationPlatforms) = postSolution
		{652859C1-00C2-3D99-EEC9-4D7FFC2A2EFD}.Debug|Any CPU.ActiveCfg = Debug|Any CPU
		{652859C1-00C2-3D99-EEC9-4D7FFC2A2EFD}.Debug|Any CPU.Build.0 = Debug|Any CPU
		{652859C1-00C2-3D99-EEC9-4D7FFC2A2EFD}.Release|Any CPU.ActiveCfg = Release|Any CPU
		{652859C1-00C2-3D99-EEC9-4D7FFC2A2EFD}.Release|Any CPU.Build.0 = Release|Any CPU
	EndGlobalSection
	GlobalSection(SolutionProperties) = preSolution
		HideSolutionNode = FALSE
	EndGlobalSection
	GlobalSection(ExtensibilityGlobals) = postSolution
		SolutionGuid = {C907EF8E-A617-4BA1-9D55-A3FDA88AFC1B}
	EndGlobalSection
EndGlobal
